
Microsoft Visual Studio Solution File, Format Version 12.00
# Visual Studio Version 17
VisualStudioVersion = 17.13.35931.197 d17.13
MinimumVisualStudioVersion = 10.0.40219.1
Project("{FAE04EC0-301F-11D3-BF4B-00C04F79EFBC}") = "MauiAppMinhasCompras", "MauiAppMinhasCompras\MauiAppMinhasCompras.csproj", "{19B7A6E9-5C1E-40BF-9FC5-351017D1D7DF}"
EndProject
Global
	GlobalSection(SolutionConfigurationPlatforms) = preSolution
		Debug|Any CPU = Debug|Any CPU
		Release|Any CPU = Release|Any CPU
	EndGlobalSection
	GlobalSection(ProjectConfigurationPlatforms) = postSolution
		{19B7A6E9-5C1E-40BF-9FC5-351017D1D7DF}.Debug|Any CPU.ActiveCfg = Debug|Any CPU
		{19B7A6E9-5C1E-40BF-9FC5-351017D1D7DF}.Debug|Any CPU.Build.0 = Debug|Any CPU
		{19B7A6E9-5C1E-40BF-9FC5-351017D1D7DF}.Debug|Any CPU.Deploy.0 = Debug|Any CPU
		{19B7A6E9-5C1E-40BF-9FC5-351017D1D7DF}.Release|Any CPU.ActiveCfg = Release|Any CPU
		{19B7A6E9-5C1E-40BF-9FC5-351017D1D7DF}.Release|Any CPU.Build.0 = Release|Any CPU
		{19B7A6E9-5C1E-40BF-9FC5-351017D1D7DF}.Release|Any CPU.Deploy.0 = Release|Any CPU
	EndGlobalSection
	GlobalSection(SolutionProperties) = preSolution
		HideSolutionNode = FALSE
	EndGlobalSection
	GlobalSection(ExtensibilityGlobals) = postSolution
		SolutionGuid = {E941367C-AC72-47E7-9FB4-302F76BF41EF}
	EndGlobalSection
EndGlobal
